// !$*UTF8*$!
{
	archiveVersion = 1;
	classes = {
	};
	objectVersion = 56;
	objects = {

/* Begin PBXBuildFile section */
		FF48FB192B1D170800626B18 /* AppDelegate.swift in Sources */ = {isa = PBXBuildFile; fileRef = FF48FB182B1D170800626B18 /* AppDelegate.swift */; };
		FF48FB1B2B1D170800626B18 /* SceneDelegate.swift in Sources */ = {isa = PBXBuildFile; fileRef = FF48FB1A2B1D170800626B18 /* SceneDelegate.swift */; };
		FF48FB1D2B1D170800626B18 /* ViewController.swift in Sources */ = {isa = PBXBuildFile; fileRef = FF48FB1C2B1D170800626B18 /* ViewController.swift */; };
		FF48FB202B1D170800626B18 /* Main.storyboard in Resources */ = {isa = PBXBuildFile; fileRef = FF48FB1E2B1D170800626B18 /* Main.storyboard */; };
		FF48FB222B1D170900626B18 /* Assets.xcassets in Resources */ = {isa = PBXBuildFile; fileRef = FF48FB212B1D170900626B18 /* Assets.xcassets */; };
		FF48FB252B1D170900626B18 /* LaunchScreen.storyboard in Resources */ = {isa = PBXBuildFile; fileRef = FF48FB232B1D170900626B18 /* LaunchScreen.storyboard */; };
		FF48FB2D2B1D292B00626B18 /* BoardItem.swift in Sources */ = {isa = PBXBuildFile; fileRef = FF48FB2C2B1D292B00626B18 /* BoardItem.swift */; };
		FF48FB2F2B1D294F00626B18 /* Board.swift in Sources */ = {isa = PBXBuildFile; fileRef = FF48FB2E2B1D294F00626B18 /* Board.swift */; };
		FF48FB312B1D296B00626B18 /* Turn.swift in Sources */ = {isa = PBXBuildFile; fileRef = FF48FB302B1D296B00626B18 /* Turn.swift */; };
		FF48FB332B1D298800626B18 /* BoardCell.swift in Sources */ = {isa = PBXBuildFile; fileRef = FF48FB322B1D298800626B18 /* BoardCell.swift */; };
/* End PBXBuildFile section */

/* Begin PBXFileReference section */
		FF48FB152B1D170800626B18 /* ConnectFourGame.app */ = {isa = PBXFileReference; explicitFileType = wrapper.application; includeInIndex = 0; path = ConnectFourGame.app; sourceTree = BUILT_PRODUCTS_DIR; };
		FF48FB182B1D170800626B18 /* AppDelegate.swift */ = {isa = PBXFileReference; lastKnownFileType = sourcecode.swift; path = AppDelegate.swift; sourceTree = "<group>"; };
		FF48FB1A2B1D170800626B18 /* SceneDelegate.swift */ = {isa = PBXFileReference; lastKnownFileType = sourcecode.swift; path = SceneDelegate.swift; sourceTree = "<group>"; };
		FF48FB1C2B1D170800626B18 /* ViewController.swift */ = {isa = PBXFileReference; lastKnownFileType = sourcecode.swift; path = ViewController.swift; sourceTree = "<group>"; };
		FF48FB1F2B1D170800626B18 /* Base */ = {isa = PBXFileReference; lastKnownFileType = file.storyboard; name = Base; path = Base.lproj/Main.storyboard; sourceTree = "<group>"; };
		FF48FB212B1D170900626B18 /* Assets.xcassets */ = {isa = PBXFileReference; lastKnownFileType = folder.assetcatalog; path = Assets.xcassets; sourceTree = "<group>"; };
		FF48FB242B1D170900626B18 /* Base */ = {isa = PBXFileReference; lastKnownFileType = file.storyboard; name = Base; path = Base.lproj/LaunchScreen.storyboard; sourceTree = "<group>"; };
		FF48FB262B1D170900626B18 /* Info.plist */ = {isa = PBXFileReference; lastKnownFileType = text.plist.xml; path = Info.plist; sourceTree = "<group>"; };
		FF48FB2C2B1D292B00626B18 /* BoardItem.swift */ = {isa = PBXFileReference; lastKnownFileType = sourcecode.swift; path = BoardItem.swift; sourceTree = "<group>"; };
		FF48FB2E2B1D294F00626B18 /* Board.swift */ = {isa = PBXFileReference; lastKnownFileType = sourcecode.swift; path = Board.swift; sourceTree = "<group>"; };
		FF48FB302B1D296B00626B18 /* Turn.swift */ = {isa = PBXFileReference; lastKnownFileType = sourcecode.swift; path = Turn.swift; sourceTree = "<group>"; };
		FF48FB322B1D298800626B18 /* BoardCell.swift */ = {isa = PBXFileReference; lastKnownFileType = sourcecode.swift; path = BoardCell.swift; sourceTree = "<group>"; };
/* End PBXFileReference section */

/* Begin PBXFrameworksBuildPhase section */
		FF48FB122B1D170800626B18 /* Frameworks */ = {
			isa = PBXFrameworksBuildPhase;
			buildActionMask = 2147483647;
			files = (
			);
			runOnlyForDeploymentPostprocessing = 0;
		};
/* End PBXFrameworksBuildPhase section */

/* Begin PBXGroup section */
		FF48FB0C2B1D170700626B18 = {
			isa = PBXGroup;
			children = (
				FF48FB2E2B1D294F00626B18 /* Board.swift */,
				FF48FB302B1D296B00626B18 /* Turn.swift */,
				FF48FB322B1D298800626B18 /* BoardCell.swift */,
				FF48FB172B1D170800626B18 /* ConnectFourGame */,
				FF48FB162B1D170800626B18 /* Products */,
			);
			sourceTree = "<group>";
		};
		FF48FB162B1D170800626B18 /* Products */ = {
			isa = PBXGroup;
			children = (
				FF48FB152B1D170800626B18 /* ConnectFourGame.app */,
			);
			name = Products;
			sourceTree = "<group>";
		};
		FF48FB172B1D170800626B18 /* ConnectFourGame */ = {
			isa = PBXGroup;
			children = (
				FF48FB182B1D170800626B18 /* AppDelegate.swift */,
				FF48FB1A2B1D170800626B18 /* SceneDelegate.swift */,
				FF48FB1C2B1D170800626B18 /* ViewController.swift */,
				FF48FB2C2B1D292B00626B18 /* BoardItem.swift */,
				FF48FB1E2B1D170800626B18 /* Main.storyboard */,
				FF48FB212B1D170900626B18 /* Assets.xcassets */,
				FF48FB232B1D170900626B18 /* LaunchScreen.storyboard */,
				FF48FB262B1D170900626B18 /* Info.plist */,
			);
			path = ConnectFourGame;
			sourceTree = "<group>";
		};
/* End PBXGroup section */

/* Begin PBXNativeTarget section */
		FF48FB142B1D170800626B18 /* ConnectFourGame */ = {
			isa = PBXNativeTarget;
			buildConfigurationList = FF48FB292B1D170900626B18 /* Build configuration list for PBXNativeTarget "ConnectFourGame" */;
			buildPhases = (
				FF48FB112B1D170800626B18 /* Sources */,
				FF48FB122B1D170800626B18 /* Frameworks */,
				FF48FB132B1D170800626B18 /* Resources */,
			);
			buildRules = (
			);
			dependencies = (
			);
			name = ConnectFourGame;
			productName = ConnectFourGame;
			productReference = FF48FB152B1D170800626B18 /* ConnectFourGame.app */;
			productType = "com.apple.product-type.application";
		};
/* End PBXNativeTarget section */

/* Begin PBXProject section */
		FF48FB0D2B1D170700626B18 /* Project object */ = {
			isa = PBXProject;
			attributes = {
				BuildIndependentTargetsInParallel = 1;
				LastSwiftUpdateCheck = 1430;
				LastUpgradeCheck = 1430;
				TargetAttributes = {
					FF48FB142B1D170800626B18 = {
						CreatedOnToolsVersion = 14.3.1;
					};
				};
			};
			buildConfigurationList = FF48FB102B1D170700626B18 /* Build configuration list for PBXProject "ConnectFourGame" */;
			compatibilityVersion = "Xcode 14.0";
			developmentRegion = en;
			hasScannedForEncodings = 0;
			knownRegions = (
				en,
				Base,
			);
			mainGroup = FF48FB0C2B1D170700626B18;
			productRefGroup = FF48FB162B1D170800626B18 /* Products */;
			projectDirPath = "";
			projectRoot = "";
			targets = (
				FF48FB142B1D170800626B18 /* ConnectFourGame */,
			);
		};
/* End PBXProject section */

/* Begin PBXResourcesBuildPhase section */
		FF48FB132B1D170800626B18 /* Resources */ = {
			isa = PBXResourcesBuildPhase;
			buildActionMask = 2147483647;
			files = (
				FF48FB252B1D170900626B18 /* LaunchScreen.storyboard in Resources */,
				FF48FB222B1D170900626B18 /* Assets.xcassets in Resources */,
				FF48FB202B1D170800626B18 /* Main.storyboard in Resources */,
			);
			runOnlyForDeploymentPostprocessing = 0;
		};
/* End PBXResourcesBuildPhase section */

/* Begin PBXSourcesBuildPhase section */
		FF48FB112B1D170800626B18 /* Sources */ = {
			isa = PBXSourcesBuildPhase;
			buildActionMask = 2147483647;
			files = (
				FF48FB1D2B1D170800626B18 /* ViewController.swift in Sources */,
				FF48FB2D2B1D292B00626B18 /* BoardItem.swift in Sources */,
				FF48FB2F2B1D294F00626B18 /* Board.swift in Sources */,
				FF48FB192B1D170800626B18 /* AppDelegate.swift in Sources */,
				FF48FB312B1D296B00626B18 /* Turn.swift in Sources */,
				FF48FB332B1D298800626B18 /* BoardCell.swift in Sources */,
				FF48FB1B2B1D170800626B18 /* SceneDelegate.swift in Sources */,
			);
			runOnlyForDeploymentPostprocessing = 0;
		};
/* End PBXSourcesBuildPhase section */

/* Begin PBXVariantGroup section */
		FF48FB1E2B1D170800626B18 /* Main.storyboard */ = {
			isa = PBXVariantGroup;
			children = (
				FF48FB1F2B1D170800626B18 /* Base */,
			);
			name = Main.storyboard;
			sourceTree = "<group>";
		};
		FF48FB232B1D170900626B18 /* LaunchScreen.storyboard */ = {
			isa = PBXVariantGroup;
			children = (
				FF48FB242B1D170900626B18 /* Base */,
			);
			name = LaunchScreen.storyboard;
			sourceTree = "<group>";
		};
/* End PBXVariantGroup section */

/* Begin XCBuildConfiguration section */
		FF48FB272B1D170900626B18 /* Debug */ = {
			isa = XCBuildConfiguration;
			buildSettings = {
				ALWAYS_SEARCH_USER_PATHS = NO;
				CLANG_ANALYZER_NONNULL = YES;
				CLANG_ANALYZER_NUMBER_OBJECT_CONVERSION = YES_AGGRESSIVE;
				CLANG_CXX_LANGUAGE_STANDARD = "gnu++20";
				CLANG_ENABLE_MODULES = YES;
				CLANG_ENABLE_OBJC_ARC = YES;
				CLANG_ENABLE_OBJC_WEAK = YES;
				CLANG_WARN_BLOCK_CAPTURE_AUTORELEASING = YES;
				CLANG_WARN_BOOL_CONVERSION = YES;
				CLANG_WARN_COMMA = YES;
				CLANG_WARN_CONSTANT_CONVERSION = YES;
				CLANG_WARN_DEPRECATED_OBJC_IMPLEMENTATIONS = YES;
				CLANG_WARN_DIRECT_OBJC_ISA_USAGE = YES_ERROR;
				CLANG_WARN_DOCUMENTATION_COMMENTS = YES;
				CLANG_WARN_EMPTY_BODY = YES;
				CLANG_WARN_ENUM_CONVERSION = YES;
				CLANG_WARN_INFINITE_RECURSION = YES;
				CLANG_WARN_INT_CONVERSION = YES;
				CLANG_WARN_NON_LITERAL_NULL_CONVERSION = YES;
				CLANG_WARN_OBJC_IMPLICIT_RETAIN_SELF = YES;
				CLANG_WARN_OBJC_LITERAL_CONVERSION = YES;
				CLANG_WARN_OBJC_ROOT_CLASS = YES_ERROR;
				CLANG_WARN_QUOTED_INCLUDE_IN_FRAMEWORK_HEADER = YES;
				CLANG_WARN_RANGE_LOOP_ANALYSIS = YES;
				CLANG_WARN_STRICT_PROTOTYPES = YES;
				CLANG_WARN_SUSPICIOUS_MOVE = YES;
				CLANG_WARN_UNGUARDED_AVAILABILITY = YES_AGGRESSIVE;
				CLANG_WARN_UNREACHABLE_CODE = YES;
				CLANG_WARN__DUPLICATE_METHOD_MATCH = YES;
				COPY_PHASE_STRIP = NO;
				DEBUG_INFORMATION_FORMAT = dwarf;
				ENABLE_STRICT_OBJC_MSGSEND = YES;
				ENABLE_TESTABILITY = YES;
				GCC_C_LANGUAGE_STANDARD = gnu11;
				GCC_DYNAMIC_NO_PIC = NO;
				GCC_NO_COMMON_BLOCKS = YES;
				GCC_OPTIMIZATION_LEVEL = 0;
				GCC_PREPROCESSOR_DEFINITIONS = (
					"DEBUG=1",
					"$(inherited)",
				);
				GCC_WARN_64_TO_32_BIT_CONVERSION = YES;
				GCC_WARN_ABOUT_RETURN_TYPE = YES_ERROR;
				GCC_WARN_UNDECLARED_SELECTOR = YES;
				GCC_WARN_UNINITIALIZED_AUTOS = YES_AGGRESSIVE;
				GCC_WARN_UNUSED_FUNCTION = YES;
				GCC_WARN_UNUSED_VARIABLE = YES;
				IPHONEOS_DEPLOYMENT_TARGET = 16.4;
				MTL_ENABLE_DEBUG_INFO = INCLUDE_SOURCE;
				MTL_FAST_MATH = YES;
				ONLY_ACTIVE_ARCH = YES;
				SDKROOT = iphoneos;
				SWIFT_ACTIVE_COMPILATION_CONDITIONS = DEBUG;
				SWIFT_OPTIMIZATION_LEVEL = "-Onone";
			};
			name = Debug;
		};
		FF48FB282B1D170900626B18 /* Release */ = {
			isa = XCBuildConfiguration;
			buildSettings = {
				ALWAYS_SEARCH_USER_PATHS = NO;
				CLANG_ANALYZER_NONNULL = YES;
				CLANG_ANALYZER_NUMBER_OBJECT_CONVERSION = YES_AGGRESSIVE;
				CLANG_CXX_LANGUAGE_STANDARD = "gnu++20";
				CLANG_ENABLE_MODULES = YES;
				CLANG_ENABLE_OBJC_ARC = YES;
				CLANG_ENABLE_OBJC_WEAK = YES;
				CLANG_WARN_BLOCK_CAPTURE_AUTORELEASING = YES;
				CLANG_WARN_BOOL_CONVERSION = YES;
				CLANG_WARN_COMMA = YES;
				CLANG_WARN_CONSTANT_CONVERSION = YES;
				CLANG_WARN_DEPRECATED_OBJC_IMPLEMENTATIONS = YES;
				CLANG_WARN_DIRECT_OBJC_ISA_USAGE = YES_ERROR;
				CLANG_WARN_DOCUMENTATION_COMMENTS = YES;
				CLANG_WARN_EMPTY_BODY = YES;
				CLANG_WARN_ENUM_CONVERSION = YES;
				CLANG_WARN_INFINITE_RECURSION = YES;
				CLANG_WARN_INT_CONVERSION = YES;
				CLANG_WARN_NON_LITERAL_NULL_CONVERSION = YES;
				CLANG_WARN_OBJC_IMPLICIT_RETAIN_SELF = YES;
				CLANG_WARN_OBJC_LITERAL_CONVERSION = YES;
				CLANG_WARN_OBJC_ROOT_CLASS = YES_ERROR;
				CLANG_WARN_QUOTED_INCLUDE_IN_FRAMEWORK_HEADER = YES;
				CLANG_WARN_RANGE_LOOP_ANALYSIS = YES;
				CLANG_WARN_STRICT_PROTOTYPES = YES;
				CLANG_WARN_SUSPICIOUS_MOVE = YES;
				CLANG_WARN_UNGUARDED_AVAILABILITY = YES_AGGRESSIVE;
				CLANG_WARN_UNREACHABLE_CODE = YES;
				CLANG_WARN__DUPLICATE_METHOD_MATCH = YES;
				COPY_PHASE_STRIP = NO;
				DEBUG_INFORMATION_FORMAT = "dwarf-with-dsym";
				ENABLE_NS_ASSERTIONS = NO;
				ENABLE_STRICT_OBJC_MSGSEND = YES;
				GCC_C_LANGUAGE_STANDARD = gnu11;
				GCC_NO_COMMON_BLOCKS = YES;
				GCC_WARN_64_TO_32_BIT_CONVERSION = YES;
				GCC_WARN_ABOUT_RETURN_TYPE = YES_ERROR;
				GCC_WARN_UNDECLARED_SELECTOR = YES;
				GCC_WARN_UNINITIALIZED_AUTOS = YES_AGGRESSIVE;
				GCC_WARN_UNUSED_FUNCTION = YES;
				GCC_WARN_UNUSED_VARIABLE = YES;
				IPHONEOS_DEPLOYMENT_TARGET = 16.4;
				MTL_ENABLE_DEBUG_INFO = NO;
				MTL_FAST_MATH = YES;
				SDKROOT = iphoneos;
				SWIFT_COMPILATION_MODE = wholemodule;
				SWIFT_OPTIMIZATION_LEVEL = "-O";
				VALIDATE_PRODUCT = YES;
			};
			name = Release;
		};
		FF48FB2A2B1D170900626B18 /* Debug */ = {
			isa = XCBuildConfiguration;
			buildSettings = {
				ASSETCATALOG_COMPILER_APPICON_NAME = AppIcon;
				ASSETCATALOG_COMPILER_GLOBAL_ACCENT_COLOR_NAME = AccentColor;
				CODE_SIGN_STYLE = Automatic;
				CURRENT_PROJECT_VERSION = 1;
				DEVELOPMENT_TEAM = X4M52P429Z;
				GENERATE_INFOPLIST_FILE = YES;
				INFOPLIST_FILE = ConnectFourGame/Info.plist;
				INFOPLIST_KEY_UIApplicationSupportsIndirectInputEvents = YES;
				INFOPLIST_KEY_UILaunchStoryboardName = LaunchScreen;
				INFOPLIST_KEY_UIMainStoryboardFile = Main;
				INFOPLIST_KEY_UISupportedInterfaceOrientations_iPad = "UIInterfaceOrientationPortrait UIInterfaceOrientationPortraitUpsideDown UIInterfaceOrientationLandscapeLeft UIInterfaceOrientationLandscapeRight";
				INFOPLIST_KEY_UISupportedInterfaceOrientations_iPhone = "UIInterfaceOrientationPortrait UIInterfaceOrientationLandscapeLeft UIInterfaceOrientationLandscapeRight";
				LD_RUNPATH_SEARCH_PATHS = (
					"$(inherited)",
					"@executable_path/Frameworks",
				);
				MARKETING_VERSION = 1.0;
				PRODUCT_BUNDLE_IDENTIFIER = com.zehranuracik.ConnectFourGame;
				PRODUCT_NAME = "$(TARGET_NAME)";
				SWIFT_EMIT_LOC_STRINGS = YES;
				SWIFT_VERSION = 5.0;
				TARGETED_DEVICE_FAMILY = "1,2";
			};
			name = Debug;
		};
		FF48FB2B2B1D170900626B18 /* Release */ = {
			isa = XCBuildConfiguration;
			buildSettings = {
				ASSETCATALOG_COMPILER_APPICON_NAME = AppIcon;
				ASSETCATALOG_COMPILER_GLOBAL_ACCENT_COLOR_NAME = AccentColor;
				CODE_SIGN_STYLE = Automatic;
				CURRENT_PROJECT_VERSION = 1;
				DEVELOPMENT_TEAM = X4M52P429Z;
				GENERATE_INFOPLIST_FILE = YES;
				INFOPLIST_FILE = ConnectFourGame/Info.plist;
				INFOPLIST_KEY_UIApplicationSupportsIndirectInputEvents = YES;
				INFOPLIST_KEY_UILaunchStoryboardName = LaunchScreen;
				INFOPLIST_KEY_UIMainStoryboardFile = Main;
				INFOPLIST_KEY_UISupportedInterfaceOrientations_iPad = "UIInterfaceOrientationPortrait UIInterfaceOrientationPortraitUpsideDown UIInterfaceOrientationLandscapeLeft UIInterfaceOrientationLandscapeRight";
				INFOPLIST_KEY_UISupportedInterfaceOrientations_iPhone = "UIInterfaceOrientationPortrait UIInterfaceOrientationLandscapeLeft UIInterfaceOrientationLandscapeRight";
				LD_RUNPATH_SEARCH_PATHS = (
					"$(inherited)",
					"@executable_path/Frameworks",
				);
				MARKETING_VERSION = 1.0;
				PRODUCT_BUNDLE_IDENTIFIER = com.zehranuracik.ConnectFourGame;
				PRODUCT_NAME = "$(TARGET_NAME)";
				SWIFT_EMIT_LOC_STRINGS = YES;
				SWIFT_VERSION = 5.0;
				TARGETED_DEVICE_FAMILY = "1,2";
			};
			name = Release;
		};
/* End XCBuildConfiguration section */

/* Begin XCConfigurationList section */
		FF48FB102B1D170700626B18 /* Build configuration list for PBXProject "ConnectFourGame" */ = {
			isa = XCConfigurationList;
			buildConfigurations = (
				FF48FB272B1D170900626B18 /* Debug */,
				FF48FB282B1D170900626B18 /* Release */,
			);
			defaultConfigurationIsVisible = 0;
			defaultConfigurationName = Release;
		};
		FF48FB292B1D170900626B18 /* Build configuration list for PBXNativeTarget "ConnectFourGame" */ = {
			isa = XCConfigurationList;
			buildConfigurations = (
				FF48FB2A2B1D170900626B18 /* Debug */,
				FF48FB2B2B1D170900626B18 /* Release */,
			);
			defaultConfigurationIsVisible = 0;
			defaultConfigurationName = Release;
		};
/* End XCConfigurationList section */
	};
	rootObject = FF48FB0D2B1D170700626B18 /* Project object */;
}
